
Microsoft Visual Studio Solution File, Format Version 12.00
# Visual Studio Version 17
VisualStudioVersion = 17.1.32328.378
MinimumVisualStudioVersion = 10.0.40219.1
Project("{FAE04EC0-301F-11D3-BF4B-00C04F79EFBC}") = "nextjs-backend", "nextjs-backend\nextjs-backend.csproj", "{630D2410-5670-40CD-9C00-1B85E14D243C}"
EndProject
Global
	GlobalSection(SolutionConfigurationPlatforms) = preSolution
		Debug|Any CPU = Debug|Any CPU
		Release|Any CPU = Release|Any CPU
	EndGlobalSection
	GlobalSection(ProjectConfigurationPlatforms) = postSolution
		{630D2410-5670-40CD-9C00-1B85E14D243C}.Debug|Any CPU.ActiveCfg = Debug|Any CPU
		{630D2410-5670-40CD-9C00-1B85E14D243C}.Debug|Any CPU.Build.0 = Debug|Any CPU
		{630D2410-5670-40CD-9C00-1B85E14D243C}.Release|Any CPU.ActiveCfg = Release|Any CPU
		{630D2410-5670-40CD-9C00-1B85E14D243C}.Release|Any CPU.Build.0 = Release|Any CPU
	EndGlobalSection
	GlobalSection(SolutionProperties) = preSolution
		HideSolutionNode = FALSE
	EndGlobalSection
	GlobalSection(ExtensibilityGlobals) = postSolution
		SolutionGuid = {E82E4778-C132-4212-A204-B5480EFF53FA}
	EndGlobalSection
EndGlobal
